
Microsoft Visual Studio Solution File, Format Version 12.00
# Visual Studio Version 17
VisualStudioVersion = 17.13.35931.197 d17.13
MinimumVisualStudioVersion = 10.0.40219.1
Project("{FAE04EC0-301F-11D3-BF4B-00C04F79EFBC}") = "Blockchain", "Blockchain\Blockchain.csproj", "{5ADDDBE2-FEED-41C3-A4D3-4864B11F0025}"
EndProject
Global
	GlobalSection(SolutionConfigurationPlatforms) = preSolution
		Debug|Any CPU = Debug|Any CPU
		Release|Any CPU = Release|Any CPU
	EndGlobalSection
	GlobalSection(ProjectConfigurationPlatforms) = postSolution
		{5ADDDBE2-FEED-41C3-A4D3-4864B11F0025}.Debug|Any CPU.ActiveCfg = Debug|Any CPU
		{5ADDDBE2-FEED-41C3-A4D3-4864B11F0025}.Debug|Any CPU.Build.0 = Debug|Any CPU
		{5ADDDBE2-FEED-41C3-A4D3-4864B11F0025}.Release|Any CPU.ActiveCfg = Release|Any CPU
		{5ADDDBE2-FEED-41C3-A4D3-4864B11F0025}.Release|Any CPU.Build.0 = Release|Any CPU
	EndGlobalSection
	GlobalSection(SolutionProperties) = preSolution
		HideSolutionNode = FALSE
	EndGlobalSection
	GlobalSection(ExtensibilityGlobals) = postSolution
		SolutionGuid = {925D4EFA-700D-4B64-BD5F-49EB3E251B3E}
	EndGlobalSection
EndGlobal
